
Microsoft Visual Studio Solution File, Format Version 12.00
# Visual Studio Version 17
VisualStudioVersion = 17.3.32929.385
MinimumVisualStudioVersion = 10.0.40219.1
Project("{FAE04EC0-301F-11D3-BF4B-00C04F79EFBC}") = "TestStyleLV", "TestStyleLV\TestStyleLV.csproj", "{F5008658-230C-40D9-82DB-89A710189FE7}"
EndProject
Global
	GlobalSection(SolutionConfigurationPlatforms) = preSolution
		Debug|Any CPU = Debug|Any CPU
		Release|Any CPU = Release|Any CPU
	EndGlobalSection
	GlobalSection(ProjectConfigurationPlatforms) = postSolution
		{F5008658-230C-40D9-82DB-89A710189FE7}.Debug|Any CPU.ActiveCfg = Debug|Any CPU
		{F5008658-230C-40D9-82DB-89A710189FE7}.Debug|Any CPU.Build.0 = Debug|Any CPU
		{F5008658-230C-40D9-82DB-89A710189FE7}.Release|Any CPU.ActiveCfg = Release|Any CPU
		{F5008658-230C-40D9-82DB-89A710189FE7}.Release|Any CPU.Build.0 = Release|Any CPU
	EndGlobalSection
	GlobalSection(SolutionProperties) = preSolution
		HideSolutionNode = FALSE
	EndGlobalSection
	GlobalSection(ExtensibilityGlobals) = postSolution
		SolutionGuid = {EA70918A-1BC2-4F2A-8630-6E98D8BE4B79}
	EndGlobalSection
EndGlobal
